{
  "originHash" : "ce747091a44aa1a6920585af6ea690e3e2690064a99c228a8e85757751cf98ff",
  "pins" : [
    {
      "identity" : "bluesocket",
      "kind" : "remoteSourceControl",
      "location" : "https://github.com/IBM-Swift/BlueSocket",
      "state" : {
        "revision" : "c9894fd117457f1d006575fbfb2fdfd6f79eac03",
        "version" : "1.0.200"
      }
    },
    {
      "identity" : "shout",
      "kind" : "remoteSourceControl",
      "location" : "https://github.com/jakeheis/Shout",
      "state" : {
        "revision" : "fbcae228bc68d5e2352f0790079995d27b610dbc",
        "version" : "0.5.7"
      }
    }
  ],
  "version" : 3
}
